// !$*UTF8*$!
{
	archiveVersion = 1;
	classes = {
	};
	objectVersion = 56;
	objects = {

/* Begin PBXBuildFile section */
		22723DB7E508809384AC1B87 /* Pods_NewsReaderApp.framework in Frameworks */ = {isa = PBXBuildFile; fileRef = 9CC1B216281DD96B4CBAF276 /* Pods_NewsReaderApp.framework */; };
		895074892A02993F00C1505C /* GoogleService-Info.plist in Resources */ = {isa = PBXBuildFile; fileRef = 895074882A02993F00C1505C /* GoogleService-Info.plist */; };
		8950748C2A029AC000C1505C /* Login.storyboard in Resources */ = {isa = PBXBuildFile; fileRef = 8950748B2A029AC000C1505C /* Login.storyboard */; };
		8950748E2A029CC600C1505C /* RegisterViewController.swift in Sources */ = {isa = PBXBuildFile; fileRef = 8950748D2A029CC600C1505C /* RegisterViewController.swift */; };
		895074902A02A56700C1505C /* UIViewControllerExtensions.swift in Sources */ = {isa = PBXBuildFile; fileRef = 8950748F2A02A56700C1505C /* UIViewControllerExtensions.swift */; };
		895074932A02A91A00C1505C /* ProfileViewController.swift in Sources */ = {isa = PBXBuildFile; fileRef = 895074922A02A91A00C1505C /* ProfileViewController.swift */; };
		898F80E12A0146E700F203EF /* NewsReader.xcdatamodeld in Sources */ = {isa = PBXBuildFile; fileRef = 898F80DF2A0146E700F203EF /* NewsReader.xcdatamodeld */; };
		898F80E42A0149B900F203EF /* CoreDataStorage.swift in Sources */ = {isa = PBXBuildFile; fileRef = 898F80E32A0149B900F203EF /* CoreDataStorage.swift */; };
		898F80E72A0151E900F203EF /* ReadingListViewController.swift in Sources */ = {isa = PBXBuildFile; fileRef = 898F80E62A0151E900F203EF /* ReadingListViewController.swift */; };
		898F80E92A01528300F203EF /* NewsViewCell.xib in Resources */ = {isa = PBXBuildFile; fileRef = 898F80E82A01528300F203EF /* NewsViewCell.xib */; };
		898F80EC2A01587500F203EF /* NotificationExtensions.swift in Sources */ = {isa = PBXBuildFile; fileRef = 898F80EB2A01587500F203EF /* NotificationExtensions.swift */; };
		898F9D8E29FB51B800D0A758 /* AppDelegate.swift in Sources */ = {isa = PBXBuildFile; fileRef = 898F9D8D29FB51B800D0A758 /* AppDelegate.swift */; };
		898F9D9029FB51B800D0A758 /* SceneDelegate.swift in Sources */ = {isa = PBXBuildFile; fileRef = 898F9D8F29FB51B800D0A758 /* SceneDelegate.swift */; };
		898F9D9229FB51B800D0A758 /* LoginViewController.swift in Sources */ = {isa = PBXBuildFile; fileRef = 898F9D9129FB51B800D0A758 /* LoginViewController.swift */; };
		898F9D9529FB51B800D0A758 /* Main.storyboard in Resources */ = {isa = PBXBuildFile; fileRef = 898F9D9329FB51B800D0A758 /* Main.storyboard */; };
		898F9D9729FB51B900D0A758 /* Assets.xcassets in Resources */ = {isa = PBXBuildFile; fileRef = 898F9D9629FB51B900D0A758 /* Assets.xcassets */; };
		898F9D9A29FB51B900D0A758 /* LaunchScreen.storyboard in Resources */ = {isa = PBXBuildFile; fileRef = 898F9D9829FB51B900D0A758 /* LaunchScreen.storyboard */; };
		898F9DA329FC001400D0A758 /* NewsResponse.swift in Sources */ = {isa = PBXBuildFile; fileRef = 898F9DA229FC001400D0A758 /* NewsResponse.swift */; };
		898F9DA529FC005B00D0A758 /* News.swift in Sources */ = {isa = PBXBuildFile; fileRef = 898F9DA429FC005B00D0A758 /* News.swift */; };
		898F9DA729FC016A00D0A758 /* Media.swift in Sources */ = {isa = PBXBuildFile; fileRef = 898F9DA629FC016A00D0A758 /* Media.swift */; };
		898F9DA929FC01D100D0A758 /* MediaMetadata.swift in Sources */ = {isa = PBXBuildFile; fileRef = 898F9DA829FC01D100D0A758 /* MediaMetadata.swift */; };
		898F9DAC29FC077500D0A758 /* ApiService.swift in Sources */ = {isa = PBXBuildFile; fileRef = 898F9DAB29FC077500D0A758 /* ApiService.swift */; };
		898F9DAF29FC169C00D0A758 /* HomeViewController.swift in Sources */ = {isa = PBXBuildFile; fileRef = 898F9DAE29FC169C00D0A758 /* HomeViewController.swift */; };
		898F9DB129FFF53B00D0A758 /* NewsViewCell.swift in Sources */ = {isa = PBXBuildFile; fileRef = 898F9DB029FFF53B00D0A758 /* NewsViewCell.swift */; };
		898F9DB32A0007B800D0A758 /* TopNewsListViewCell.swift in Sources */ = {isa = PBXBuildFile; fileRef = 898F9DB22A0007B800D0A758 /* TopNewsListViewCell.swift */; };
		898F9DB52A000C4400D0A758 /* TopNewsViewCell.swift in Sources */ = {isa = PBXBuildFile; fileRef = 898F9DB42A000C4400D0A758 /* TopNewsViewCell.swift */; };
/* End PBXBuildFile section */

/* Begin PBXFileReference section */
		32EB4CB989EA9FDACC0541E9 /* Pods-NewsReaderApp.release.xcconfig */ = {isa = PBXFileReference; includeInIndex = 1; lastKnownFileType = text.xcconfig; name = "Pods-NewsReaderApp.release.xcconfig"; path = "Target Support Files/Pods-NewsReaderApp/Pods-NewsReaderApp.release.xcconfig"; sourceTree = "<group>"; };
		3806B99909CA45B87A3CA2C9 /* Pods-NewsReaderApp.debug.xcconfig */ = {isa = PBXFileReference; includeInIndex = 1; lastKnownFileType = text.xcconfig; name = "Pods-NewsReaderApp.debug.xcconfig"; path = "Target Support Files/Pods-NewsReaderApp/Pods-NewsReaderApp.debug.xcconfig"; sourceTree = "<group>"; };
		895074882A02993F00C1505C /* GoogleService-Info.plist */ = {isa = PBXFileReference; fileEncoding = 4; lastKnownFileType = text.plist.xml; name = "GoogleService-Info.plist"; path = "../../../../Downloads/GoogleService-Info.plist"; sourceTree = "<group>"; };
		8950748B2A029AC000C1505C /* Login.storyboard */ = {isa = PBXFileReference; lastKnownFileType = file.storyboard; path = Login.storyboard; sourceTree = "<group>"; };
		8950748D2A029CC600C1505C /* RegisterViewController.swift */ = {isa = PBXFileReference; lastKnownFileType = sourcecode.swift; path = RegisterViewController.swift; sourceTree = "<group>"; };
		8950748F2A02A56700C1505C /* UIViewControllerExtensions.swift */ = {isa = PBXFileReference; lastKnownFileType = sourcecode.swift; path = UIViewControllerExtensions.swift; sourceTree = "<group>"; };
		895074922A02A91A00C1505C /* ProfileViewController.swift */ = {isa = PBXFileReference; lastKnownFileType = sourcecode.swift; path = ProfileViewController.swift; sourceTree = "<group>"; };
		898F80E02A0146E700F203EF /* NewsReader.xcdatamodel */ = {isa = PBXFileReference; lastKnownFileType = wrapper.xcdatamodel; path = NewsReader.xcdatamodel; sourceTree = "<group>"; };
		898F80E32A0149B900F203EF /* CoreDataStorage.swift */ = {isa = PBXFileReference; lastKnownFileType = sourcecode.swift; path = CoreDataStorage.swift; sourceTree = "<group>"; };
		898F80E62A0151E900F203EF /* ReadingListViewController.swift */ = {isa = PBXFileReference; lastKnownFileType = sourcecode.swift; path = ReadingListViewController.swift; sourceTree = "<group>"; };
		898F80E82A01528300F203EF /* NewsViewCell.xib */ = {isa = PBXFileReference; lastKnownFileType = file.xib; path = NewsViewCell.xib; sourceTree = "<group>"; };
		898F80EB2A01587500F203EF /* NotificationExtensions.swift */ = {isa = PBXFileReference; lastKnownFileType = sourcecode.swift; path = NotificationExtensions.swift; sourceTree = "<group>"; };
		898F9D8A29FB51B800D0A758 /* NewsReaderApp.app */ = {isa = PBXFileReference; explicitFileType = wrapper.application; includeInIndex = 0; path = NewsReaderApp.app; sourceTree = BUILT_PRODUCTS_DIR; };
		898F9D8D29FB51B800D0A758 /* AppDelegate.swift */ = {isa = PBXFileReference; lastKnownFileType = sourcecode.swift; path = AppDelegate.swift; sourceTree = "<group>"; };
		898F9D8F29FB51B800D0A758 /* SceneDelegate.swift */ = {isa = PBXFileReference; lastKnownFileType = sourcecode.swift; path = SceneDelegate.swift; sourceTree = "<group>"; };
		898F9D9129FB51B800D0A758 /* LoginViewController.swift */ = {isa = PBXFileReference; lastKnownFileType = sourcecode.swift; path = LoginViewController.swift; sourceTree = "<group>"; };
		898F9D9429FB51B800D0A758 /* Base */ = {isa = PBXFileReference; lastKnownFileType = file.storyboard; name = Base; path = Base.lproj/Main.storyboard; sourceTree = "<group>"; };
		898F9D9629FB51B900D0A758 /* Assets.xcassets */ = {isa = PBXFileReference; lastKnownFileType = folder.assetcatalog; path = Assets.xcassets; sourceTree = "<group>"; };
		898F9D9929FB51B900D0A758 /* Base */ = {isa = PBXFileReference; lastKnownFileType = file.storyboard; name = Base; path = Base.lproj/LaunchScreen.storyboard; sourceTree = "<group>"; };
		898F9D9B29FB51B900D0A758 /* Info.plist */ = {isa = PBXFileReference; lastKnownFileType = text.plist.xml; path = Info.plist; sourceTree = "<group>"; };
		898F9DA229FC001400D0A758 /* NewsResponse.swift */ = {isa = PBXFileReference; lastKnownFileType = sourcecode.swift; path = NewsResponse.swift; sourceTree = "<group>"; };
		898F9DA429FC005B00D0A758 /* News.swift */ = {isa = PBXFileReference; lastKnownFileType = sourcecode.swift; path = News.swift; sourceTree = "<group>"; };
		898F9DA629FC016A00D0A758 /* Media.swift */ = {isa = PBXFileReference; lastKnownFileType = sourcecode.swift; path = Media.swift; sourceTree = "<group>"; };
		898F9DA829FC01D100D0A758 /* MediaMetadata.swift */ = {isa = PBXFileReference; lastKnownFileType = sourcecode.swift; path = MediaMetadata.swift; sourceTree = "<group>"; };
		898F9DAB29FC077500D0A758 /* ApiService.swift */ = {isa = PBXFileReference; lastKnownFileType = sourcecode.swift; path = ApiService.swift; sourceTree = "<group>"; };
		898F9DAE29FC169C00D0A758 /* HomeViewController.swift */ = {isa = PBXFileReference; lastKnownFileType = sourcecode.swift; path = HomeViewController.swift; sourceTree = "<group>"; };
		898F9DB029FFF53B00D0A758 /* NewsViewCell.swift */ = {isa = PBXFileReference; lastKnownFileType = sourcecode.swift; path = NewsViewCell.swift; sourceTree = "<group>"; };
		898F9DB22A0007B800D0A758 /* TopNewsListViewCell.swift */ = {isa = PBXFileReference; lastKnownFileType = sourcecode.swift; path = TopNewsListViewCell.swift; sourceTree = "<group>"; };
		898F9DB42A000C4400D0A758 /* TopNewsViewCell.swift */ = {isa = PBXFileReference; lastKnownFileType = sourcecode.swift; path = TopNewsViewCell.swift; sourceTree = "<group>"; };
		9CC1B216281DD96B4CBAF276 /* Pods_NewsReaderApp.framework */ = {isa = PBXFileReference; explicitFileType = wrapper.framework; includeInIndex = 0; path = Pods_NewsReaderApp.framework; sourceTree = BUILT_PRODUCTS_DIR; };
/* End PBXFileReference section */

/* Begin PBXFrameworksBuildPhase section */
		898F9D8729FB51B800D0A758 /* Frameworks */ = {
			isa = PBXFrameworksBuildPhase;
			buildActionMask = 2147483647;
			files = (
				22723DB7E508809384AC1B87 /* Pods_NewsReaderApp.framework in Frameworks */,
			);
			runOnlyForDeploymentPostprocessing = 0;
		};
/* End PBXFrameworksBuildPhase section */

/* Begin PBXGroup section */
		51722187DE5650F9700FB3A9 /* Frameworks */ = {
			isa = PBXGroup;
			children = (
				9CC1B216281DD96B4CBAF276 /* Pods_NewsReaderApp.framework */,
			);
			name = Frameworks;
			sourceTree = "<group>";
		};
		5CEB6D3FFF17D8C2B0ECFA79 /* Pods */ = {
			isa = PBXGroup;
			children = (
				3806B99909CA45B87A3CA2C9 /* Pods-NewsReaderApp.debug.xcconfig */,
				32EB4CB989EA9FDACC0541E9 /* Pods-NewsReaderApp.release.xcconfig */,
			);
			path = Pods;
			sourceTree = "<group>";
		};
		8950748A2A029AA900C1505C /* Login */ = {
			isa = PBXGroup;
			children = (
				8950748B2A029AC000C1505C /* Login.storyboard */,
				898F9D9129FB51B800D0A758 /* LoginViewController.swift */,
				8950748D2A029CC600C1505C /* RegisterViewController.swift */,
			);
			path = Login;
			sourceTree = "<group>";
		};
		895074912A02A90E00C1505C /* Profile */ = {
			isa = PBXGroup;
			children = (
				895074922A02A91A00C1505C /* ProfileViewController.swift */,
			);
			path = Profile;
			sourceTree = "<group>";
		};
		898F80E22A0149A600F203EF /* Storage */ = {
			isa = PBXGroup;
			children = (
				898F80E32A0149B900F203EF /* CoreDataStorage.swift */,
			);
			path = Storage;
			sourceTree = "<group>";
		};
		898F80E52A0151C100F203EF /* ReadingList */ = {
			isa = PBXGroup;
			children = (
				898F80E62A0151E900F203EF /* ReadingListViewController.swift */,
			);
			path = ReadingList;
			sourceTree = "<group>";
		};
		898F80EA2A01586000F203EF /* Extensions */ = {
			isa = PBXGroup;
			children = (
				898F80EB2A01587500F203EF /* NotificationExtensions.swift */,
				8950748F2A02A56700C1505C /* UIViewControllerExtensions.swift */,
			);
			path = Extensions;
			sourceTree = "<group>";
		};
		898F9D8129FB51B800D0A758 = {
			isa = PBXGroup;
			children = (
				898F9D8C29FB51B800D0A758 /* NewsReaderApp */,
				898F9D8B29FB51B800D0A758 /* Products */,
				5CEB6D3FFF17D8C2B0ECFA79 /* Pods */,
				51722187DE5650F9700FB3A9 /* Frameworks */,
			);
			sourceTree = "<group>";
		};
		898F9D8B29FB51B800D0A758 /* Products */ = {
			isa = PBXGroup;
			children = (
				898F9D8A29FB51B800D0A758 /* NewsReaderApp.app */,
			);
			name = Products;
			sourceTree = "<group>";
		};
		898F9D8C29FB51B800D0A758 /* NewsReaderApp */ = {
			isa = PBXGroup;
			children = (
				895074912A02A90E00C1505C /* Profile */,
				8950748A2A029AA900C1505C /* Login */,
				898F80EA2A01586000F203EF /* Extensions */,
				898F80E52A0151C100F203EF /* ReadingList */,
				898F80E22A0149A600F203EF /* Storage */,
				898F9DAD29FC168200D0A758 /* Home */,
				898F9DAA29FC075500D0A758 /* Services */,
				898F9DA129FBFFFE00D0A758 /* Models */,
				898F9D8D29FB51B800D0A758 /* AppDelegate.swift */,
				898F9D8F29FB51B800D0A758 /* SceneDelegate.swift */,
				898F9D9329FB51B800D0A758 /* Main.storyboard */,
				898F9D9629FB51B900D0A758 /* Assets.xcassets */,
				898F9D9829FB51B900D0A758 /* LaunchScreen.storyboard */,
				895074882A02993F00C1505C /* GoogleService-Info.plist */,
				898F9D9B29FB51B900D0A758 /* Info.plist */,
				898F80DF2A0146E700F203EF /* NewsReader.xcdatamodeld */,
			);
			path = NewsReaderApp;
			sourceTree = "<group>";
		};
		898F9DA129FBFFFE00D0A758 /* Models */ = {
			isa = PBXGroup;
			children = (
				898F9DA229FC001400D0A758 /* NewsResponse.swift */,
				898F9DA429FC005B00D0A758 /* News.swift */,
				898F9DA629FC016A00D0A758 /* Media.swift */,
				898F9DA829FC01D100D0A758 /* MediaMetadata.swift */,
			);
			path = Models;
			sourceTree = "<group>";
		};
		898F9DAA29FC075500D0A758 /* Services */ = {
			isa = PBXGroup;
			children = (
				898F9DAB29FC077500D0A758 /* ApiService.swift */,
			);
			path = Services;
			sourceTree = "<group>";
		};
		898F9DAD29FC168200D0A758 /* Home */ = {
			isa = PBXGroup;
			children = (
				898F9DAE29FC169C00D0A758 /* HomeViewController.swift */,
				898F80E82A01528300F203EF /* NewsViewCell.xib */,
				898F9DB029FFF53B00D0A758 /* NewsViewCell.swift */,
				898F9DB22A0007B800D0A758 /* TopNewsListViewCell.swift */,
				898F9DB42A000C4400D0A758 /* TopNewsViewCell.swift */,
			);
			path = Home;
			sourceTree = "<group>";
		};
/* End PBXGroup section */

/* Begin PBXNativeTarget section */
		898F9D8929FB51B800D0A758 /* NewsReaderApp */ = {
			isa = PBXNativeTarget;
			buildConfigurationList = 898F9D9E29FB51B900D0A758 /* Build configuration list for PBXNativeTarget "NewsReaderApp" */;
			buildPhases = (
				38B6F488BAB97537DE2513A3 /* [CP] Check Pods Manifest.lock */,
				898F9D8629FB51B800D0A758 /* Sources */,
				898F9D8729FB51B800D0A758 /* Frameworks */,
				898F9D8829FB51B800D0A758 /* Resources */,
				50822BBD7411983093BAF99E /* [CP] Embed Pods Frameworks */,
			);
			buildRules = (
			);
			dependencies = (
			);
			name = NewsReaderApp;
			productName = NewsReaderApp;
			productReference = 898F9D8A29FB51B800D0A758 /* NewsReaderApp.app */;
			productType = "com.apple.product-type.application";
		};
/* End PBXNativeTarget section */

/* Begin PBXProject section */
		898F9D8229FB51B800D0A758 /* Project object */ = {
			isa = PBXProject;
			attributes = {
				BuildIndependentTargetsInParallel = 1;
				LastSwiftUpdateCheck = 1430;
				LastUpgradeCheck = 1430;
				TargetAttributes = {
					898F9D8929FB51B800D0A758 = {
						CreatedOnToolsVersion = 14.3;
					};
				};
			};
			buildConfigurationList = 898F9D8529FB51B800D0A758 /* Build configuration list for PBXProject "NewsReaderApp" */;
			compatibilityVersion = "Xcode 14.0";
			developmentRegion = en;
			hasScannedForEncodings = 0;
			knownRegions = (
				en,
				Base,
			);
			mainGroup = 898F9D8129FB51B800D0A758;
			productRefGroup = 898F9D8B29FB51B800D0A758 /* Products */;
			projectDirPath = "";
			projectRoot = "";
			targets = (
				898F9D8929FB51B800D0A758 /* NewsReaderApp */,
			);
		};
/* End PBXProject section */

/* Begin PBXResourcesBuildPhase section */
		898F9D8829FB51B800D0A758 /* Resources */ = {
			isa = PBXResourcesBuildPhase;
			buildActionMask = 2147483647;
			files = (
				898F9D9A29FB51B900D0A758 /* LaunchScreen.storyboard in Resources */,
				898F80E92A01528300F203EF /* NewsViewCell.xib in Resources */,
				8950748C2A029AC000C1505C /* Login.storyboard in Resources */,
				895074892A02993F00C1505C /* GoogleService-Info.plist in Resources */,
				898F9D9729FB51B900D0A758 /* Assets.xcassets in Resources */,
				898F9D9529FB51B800D0A758 /* Main.storyboard in Resources */,
			);
			runOnlyForDeploymentPostprocessing = 0;
		};
/* End PBXResourcesBuildPhase section */

/* Begin PBXShellScriptBuildPhase section */
		38B6F488BAB97537DE2513A3 /* [CP] Check Pods Manifest.lock */ = {
			isa = PBXShellScriptBuildPhase;
			buildActionMask = 2147483647;
			files = (
			);
			inputFileListPaths = (
			);
			inputPaths = (
				"${PODS_PODFILE_DIR_PATH}/Podfile.lock",
				"${PODS_ROOT}/Manifest.lock",
			);
			name = "[CP] Check Pods Manifest.lock";
			outputFileListPaths = (
			);
			outputPaths = (
				"$(DERIVED_FILE_DIR)/Pods-NewsReaderApp-checkManifestLockResult.txt",
			);
			runOnlyForDeploymentPostprocessing = 0;
			shellPath = /bin/sh;
			shellScript = "diff \"${PODS_PODFILE_DIR_PATH}/Podfile.lock\" \"${PODS_ROOT}/Manifest.lock\" > /dev/null\nif [ $? != 0 ] ; then\n    # print error to STDERR\n    echo \"error: The sandbox is not in sync with the Podfile.lock. Run 'pod install' or update your CocoaPods installation.\" >&2\n    exit 1\nfi\n# This output is used by Xcode 'outputs' to avoid re-running this script phase.\necho \"SUCCESS\" > \"${SCRIPT_OUTPUT_FILE_0}\"\n";
			showEnvVarsInLog = 0;
		};
		50822BBD7411983093BAF99E /* [CP] Embed Pods Frameworks */ = {
			isa = PBXShellScriptBuildPhase;
			buildActionMask = 2147483647;
			files = (
			);
			inputFileListPaths = (
				"${PODS_ROOT}/Target Support Files/Pods-NewsReaderApp/Pods-NewsReaderApp-frameworks-${CONFIGURATION}-input-files.xcfilelist",
			);
			name = "[CP] Embed Pods Frameworks";
			outputFileListPaths = (
				"${PODS_ROOT}/Target Support Files/Pods-NewsReaderApp/Pods-NewsReaderApp-frameworks-${CONFIGURATION}-output-files.xcfilelist",
			);
			runOnlyForDeploymentPostprocessing = 0;
			shellPath = /bin/sh;
			shellScript = "\"${PODS_ROOT}/Target Support Files/Pods-NewsReaderApp/Pods-NewsReaderApp-frameworks.sh\"\n";
			showEnvVarsInLog = 0;
		};
/* End PBXShellScriptBuildPhase section */

/* Begin PBXSourcesBuildPhase section */
		898F9D8629FB51B800D0A758 /* Sources */ = {
			isa = PBXSourcesBuildPhase;
			buildActionMask = 2147483647;
			files = (
				898F9D9229FB51B800D0A758 /* LoginViewController.swift in Sources */,
				898F9DA329FC001400D0A758 /* NewsResponse.swift in Sources */,
				898F9DA729FC016A00D0A758 /* Media.swift in Sources */,
				898F9DB52A000C4400D0A758 /* TopNewsViewCell.swift in Sources */,
				895074902A02A56700C1505C /* UIViewControllerExtensions.swift in Sources */,
				898F80E12A0146E700F203EF /* NewsReader.xcdatamodeld in Sources */,
				898F9DA929FC01D100D0A758 /* MediaMetadata.swift in Sources */,
				898F9DB32A0007B800D0A758 /* TopNewsListViewCell.swift in Sources */,
				898F9D8E29FB51B800D0A758 /* AppDelegate.swift in Sources */,
				895074932A02A91A00C1505C /* ProfileViewController.swift in Sources */,
				898F9DAF29FC169C00D0A758 /* HomeViewController.swift in Sources */,
				898F9DA529FC005B00D0A758 /* News.swift in Sources */,
				898F9DB129FFF53B00D0A758 /* NewsViewCell.swift in Sources */,
				898F9DAC29FC077500D0A758 /* ApiService.swift in Sources */,
				898F80E42A0149B900F203EF /* CoreDataStorage.swift in Sources */,
				8950748E2A029CC600C1505C /* RegisterViewController.swift in Sources */,
				898F80E72A0151E900F203EF /* ReadingListViewController.swift in Sources */,
				898F80EC2A01587500F203EF /* NotificationExtensions.swift in Sources */,
				898F9D9029FB51B800D0A758 /* SceneDelegate.swift in Sources */,
			);
			runOnlyForDeploymentPostprocessing = 0;
		};
/* End PBXSourcesBuildPhase section */

/* Begin PBXVariantGroup section */
		898F9D9329FB51B800D0A758 /* Main.storyboard */ = {
			isa = PBXVariantGroup;
			children = (
				898F9D9429FB51B800D0A758 /* Base */,
			);
			name = Main.storyboard;
			sourceTree = "<group>";
		};
		898F9D9829FB51B900D0A758 /* LaunchScreen.storyboard */ = {
			isa = PBXVariantGroup;
			children = (
				898F9D9929FB51B900D0A758 /* Base */,
			);
			name = LaunchScreen.storyboard;
			sourceTree = "<group>";
		};
/* End PBXVariantGroup section */

/* Begin XCBuildConfiguration section */
		898F9D9C29FB51B900D0A758 /* Debug */ = {
			isa = XCBuildConfiguration;
			buildSettings = {
				ALWAYS_SEARCH_USER_PATHS = NO;
				CLANG_ANALYZER_NONNULL = YES;
				CLANG_ANALYZER_NUMBER_OBJECT_CONVERSION = YES_AGGRESSIVE;
				CLANG_CXX_LANGUAGE_STANDARD = "gnu++20";
				CLANG_ENABLE_MODULES = YES;
				CLANG_ENABLE_OBJC_ARC = YES;
				CLANG_ENABLE_OBJC_WEAK = YES;
				CLANG_WARN_BLOCK_CAPTURE_AUTORELEASING = YES;
				CLANG_WARN_BOOL_CONVERSION = YES;
				CLANG_WARN_COMMA = YES;
				CLANG_WARN_CONSTANT_CONVERSION = YES;
				CLANG_WARN_DEPRECATED_OBJC_IMPLEMENTATIONS = YES;
				CLANG_WARN_DIRECT_OBJC_ISA_USAGE = YES_ERROR;
				CLANG_WARN_DOCUMENTATION_COMMENTS = YES;
				CLANG_WARN_EMPTY_BODY = YES;
				CLANG_WARN_ENUM_CONVERSION = YES;
				CLANG_WARN_INFINITE_RECURSION = YES;
				CLANG_WARN_INT_CONVERSION = YES;
				CLANG_WARN_NON_LITERAL_NULL_CONVERSION = YES;
				CLANG_WARN_OBJC_IMPLICIT_RETAIN_SELF = YES;
				CLANG_WARN_OBJC_LITERAL_CONVERSION = YES;
				CLANG_WARN_OBJC_ROOT_CLASS = YES_ERROR;
				CLANG_WARN_QUOTED_INCLUDE_IN_FRAMEWORK_HEADER = YES;
				CLANG_WARN_RANGE_LOOP_ANALYSIS = YES;
				CLANG_WARN_STRICT_PROTOTYPES = YES;
				CLANG_WARN_SUSPICIOUS_MOVE = YES;
				CLANG_WARN_UNGUARDED_AVAILABILITY = YES_AGGRESSIVE;
				CLANG_WARN_UNREACHABLE_CODE = YES;
				CLANG_WARN__DUPLICATE_METHOD_MATCH = YES;
				COPY_PHASE_STRIP = NO;
				DEBUG_INFORMATION_FORMAT = dwarf;
				ENABLE_STRICT_OBJC_MSGSEND = YES;
				ENABLE_TESTABILITY = YES;
				GCC_C_LANGUAGE_STANDARD = gnu11;
				GCC_DYNAMIC_NO_PIC = NO;
				GCC_NO_COMMON_BLOCKS = YES;
				GCC_OPTIMIZATION_LEVEL = 0;
				GCC_PREPROCESSOR_DEFINITIONS = (
					"DEBUG=1",
					"$(inherited)",
				);
				GCC_WARN_64_TO_32_BIT_CONVERSION = YES;
				GCC_WARN_ABOUT_RETURN_TYPE = YES_ERROR;
				GCC_WARN_UNDECLARED_SELECTOR = YES;
				GCC_WARN_UNINITIALIZED_AUTOS = YES_AGGRESSIVE;
				GCC_WARN_UNUSED_FUNCTION = YES;
				GCC_WARN_UNUSED_VARIABLE = YES;
				IPHONEOS_DEPLOYMENT_TARGET = 11.0;
				MTL_ENABLE_DEBUG_INFO = INCLUDE_SOURCE;
				MTL_FAST_MATH = YES;
				ONLY_ACTIVE_ARCH = YES;
				SDKROOT = iphoneos;
				SWIFT_ACTIVE_COMPILATION_CONDITIONS = DEBUG;
				SWIFT_OPTIMIZATION_LEVEL = "-Onone";
			};
			name = Debug;
		};
		898F9D9D29FB51B900D0A758 /* Release */ = {
			isa = XCBuildConfiguration;
			buildSettings = {
				ALWAYS_SEARCH_USER_PATHS = NO;
				CLANG_ANALYZER_NONNULL = YES;
				CLANG_ANALYZER_NUMBER_OBJECT_CONVERSION = YES_AGGRESSIVE;
				CLANG_CXX_LANGUAGE_STANDARD = "gnu++20";
				CLANG_ENABLE_MODULES = YES;
				CLANG_ENABLE_OBJC_ARC = YES;
				CLANG_ENABLE_OBJC_WEAK = YES;
				CLANG_WARN_BLOCK_CAPTURE_AUTORELEASING = YES;
				CLANG_WARN_BOOL_CONVERSION = YES;
				CLANG_WARN_COMMA = YES;
				CLANG_WARN_CONSTANT_CONVERSION = YES;
				CLANG_WARN_DEPRECATED_OBJC_IMPLEMENTATIONS = YES;
				CLANG_WARN_DIRECT_OBJC_ISA_USAGE = YES_ERROR;
				CLANG_WARN_DOCUMENTATION_COMMENTS = YES;
				CLANG_WARN_EMPTY_BODY = YES;
				CLANG_WARN_ENUM_CONVERSION = YES;
				CLANG_WARN_INFINITE_RECURSION = YES;
				CLANG_WARN_INT_CONVERSION = YES;
				CLANG_WARN_NON_LITERAL_NULL_CONVERSION = YES;
				CLANG_WARN_OBJC_IMPLICIT_RETAIN_SELF = YES;
				CLANG_WARN_OBJC_LITERAL_CONVERSION = YES;
				CLANG_WARN_OBJC_ROOT_CLASS = YES_ERROR;
				CLANG_WARN_QUOTED_INCLUDE_IN_FRAMEWORK_HEADER = YES;
				CLANG_WARN_RANGE_LOOP_ANALYSIS = YES;
				CLANG_WARN_STRICT_PROTOTYPES = YES;
				CLANG_WARN_SUSPICIOUS_MOVE = YES;
				CLANG_WARN_UNGUARDED_AVAILABILITY = YES_AGGRESSIVE;
				CLANG_WARN_UNREACHABLE_CODE = YES;
				CLANG_WARN__DUPLICATE_METHOD_MATCH = YES;
				COPY_PHASE_STRIP = NO;
				DEBUG_INFORMATION_FORMAT = "dwarf-with-dsym";
				ENABLE_NS_ASSERTIONS = NO;
				ENABLE_STRICT_OBJC_MSGSEND = YES;
				GCC_C_LANGUAGE_STANDARD = gnu11;
				GCC_NO_COMMON_BLOCKS = YES;
				GCC_WARN_64_TO_32_BIT_CONVERSION = YES;
				GCC_WARN_ABOUT_RETURN_TYPE = YES_ERROR;
				GCC_WARN_UNDECLARED_SELECTOR = YES;
				GCC_WARN_UNINITIALIZED_AUTOS = YES_AGGRESSIVE;
				GCC_WARN_UNUSED_FUNCTION = YES;
				GCC_WARN_UNUSED_VARIABLE = YES;
				IPHONEOS_DEPLOYMENT_TARGET = 11.0;
				MTL_ENABLE_DEBUG_INFO = NO;
				MTL_FAST_MATH = YES;
				SDKROOT = iphoneos;
				SWIFT_COMPILATION_MODE = wholemodule;
				SWIFT_OPTIMIZATION_LEVEL = "-O";
				VALIDATE_PRODUCT = YES;
			};
			name = Release;
		};
		898F9D9F29FB51B900D0A758 /* Debug */ = {
			isa = XCBuildConfiguration;
			baseConfigurationReference = 3806B99909CA45B87A3CA2C9 /* Pods-NewsReaderApp.debug.xcconfig */;
			buildSettings = {
				ASSETCATALOG_COMPILER_APPICON_NAME = AppIcon;
				ASSETCATALOG_COMPILER_GLOBAL_ACCENT_COLOR_NAME = AccentColor;
				CODE_SIGN_STYLE = Automatic;
				CURRENT_PROJECT_VERSION = 1;
				DEVELOPMENT_TEAM = 548G9738L7;
				GENERATE_INFOPLIST_FILE = YES;
				INFOPLIST_FILE = NewsReaderApp/Info.plist;
				INFOPLIST_KEY_CFBundleDisplayName = "News Reader";
				INFOPLIST_KEY_UIApplicationSupportsIndirectInputEvents = YES;
				INFOPLIST_KEY_UILaunchStoryboardName = LaunchScreen;
				INFOPLIST_KEY_UIMainStoryboardFile = Main;
				INFOPLIST_KEY_UISupportedInterfaceOrientations_iPad = "UIInterfaceOrientationPortrait UIInterfaceOrientationPortraitUpsideDown UIInterfaceOrientationLandscapeLeft UIInterfaceOrientationLandscapeRight";
				INFOPLIST_KEY_UISupportedInterfaceOrientations_iPhone = "UIInterfaceOrientationPortrait UIInterfaceOrientationLandscapeLeft UIInterfaceOrientationLandscapeRight";
				IPHONEOS_DEPLOYMENT_TARGET = 11.0;
				LD_RUNPATH_SEARCH_PATHS = (
					"$(inherited)",
					"@executable_path/Frameworks",
				);
				MARKETING_VERSION = 1.0;
				PRODUCT_BUNDLE_IDENTIFIER = com.billgufran.NewsReaderApp;
				PRODUCT_NAME = "$(TARGET_NAME)";
				SWIFT_EMIT_LOC_STRINGS = YES;
				SWIFT_VERSION = 5.0;
				TARGETED_DEVICE_FAMILY = "1,2";
			};
			name = Debug;
		};
		898F9DA029FB51B900D0A758 /* Release */ = {
			isa = XCBuildConfiguration;
			baseConfigurationReference = 32EB4CB989EA9FDACC0541E9 /* Pods-NewsReaderApp.release.xcconfig */;
			buildSettings = {
				ASSETCATALOG_COMPILER_APPICON_NAME = AppIcon;
				ASSETCATALOG_COMPILER_GLOBAL_ACCENT_COLOR_NAME = AccentColor;
				CODE_SIGN_STYLE = Automatic;
				CURRENT_PROJECT_VERSION = 1;
				DEVELOPMENT_TEAM = 548G9738L7;
				GENERATE_INFOPLIST_FILE = YES;
				INFOPLIST_FILE = NewsReaderApp/Info.plist;
				INFOPLIST_KEY_CFBundleDisplayName = "News Reader";
				INFOPLIST_KEY_UIApplicationSupportsIndirectInputEvents = YES;
				INFOPLIST_KEY_UILaunchStoryboardName = LaunchScreen;
				INFOPLIST_KEY_UIMainStoryboardFile = Main;
				INFOPLIST_KEY_UISupportedInterfaceOrientations_iPad = "UIInterfaceOrientationPortrait UIInterfaceOrientationPortraitUpsideDown UIInterfaceOrientationLandscapeLeft UIInterfaceOrientationLandscapeRight";
				INFOPLIST_KEY_UISupportedInterfaceOrientations_iPhone = "UIInterfaceOrientationPortrait UIInterfaceOrientationLandscapeLeft UIInterfaceOrientationLandscapeRight";
				IPHONEOS_DEPLOYMENT_TARGET = 11.0;
				LD_RUNPATH_SEARCH_PATHS = (
					"$(inherited)",
					"@executable_path/Frameworks",
				);
				MARKETING_VERSION = 1.0;
				PRODUCT_BUNDLE_IDENTIFIER = com.billgufran.NewsReaderApp;
				PRODUCT_NAME = "$(TARGET_NAME)";
				SWIFT_EMIT_LOC_STRINGS = YES;
				SWIFT_VERSION = 5.0;
				TARGETED_DEVICE_FAMILY = "1,2";
			};
			name = Release;
		};
/* End XCBuildConfiguration section */

/* Begin XCConfigurationList section */
		898F9D8529FB51B800D0A758 /* Build configuration list for PBXProject "NewsReaderApp" */ = {
			isa = XCConfigurationList;
			buildConfigurations = (
				898F9D9C29FB51B900D0A758 /* Debug */,
				898F9D9D29FB51B900D0A758 /* Release */,
			);
			defaultConfigurationIsVisible = 0;
			defaultConfigurationName = Release;
		};
		898F9D9E29FB51B900D0A758 /* Build configuration list for PBXNativeTarget "NewsReaderApp" */ = {
			isa = XCConfigurationList;
			buildConfigurations = (
				898F9D9F29FB51B900D0A758 /* Debug */,
				898F9DA029FB51B900D0A758 /* Release */,
			);
			defaultConfigurationIsVisible = 0;
			defaultConfigurationName = Release;
		};
/* End XCConfigurationList section */

/* Begin XCVersionGroup section */
		898F80DF2A0146E700F203EF /* NewsReader.xcdatamodeld */ = {
			isa = XCVersionGroup;
			children = (
				898F80E02A0146E700F203EF /* NewsReader.xcdatamodel */,
			);
			currentVersion = 898F80E02A0146E700F203EF /* NewsReader.xcdatamodel */;
			path = NewsReader.xcdatamodeld;
			sourceTree = "<group>";
			versionGroupType = wrapper.xcdatamodel;
		};
/* End XCVersionGroup section */
	};
	rootObject = 898F9D8229FB51B800D0A758 /* Project object */;
}
